// !$*UTF8*$!
{
	archiveVersion = 1;
	classes = {
	};
	objectVersion = 51;
	objects = {

/* Begin PBXBuildFile section */
		04FA8F71248B8011006C6F1B /* AppDelegate.swift in Sources */ = {isa = PBXBuildFile; fileRef = 04FA8F70248B8011006C6F1B /* AppDelegate.swift */; };
		04FA8F73248B8011006C6F1B /* SceneDelegate.swift in Sources */ = {isa = PBXBuildFile; fileRef = 04FA8F72248B8011006C6F1B /* SceneDelegate.swift */; };
		04FA8F75248B8011006C6F1B /* HomeViewController.swift in Sources */ = {isa = PBXBuildFile; fileRef = 04FA8F74248B8011006C6F1B /* HomeViewController.swift */; };
		04FA8F78248B8011006C6F1B /* Main.storyboard in Resources */ = {isa = PBXBuildFile; fileRef = 04FA8F76248B8011006C6F1B /* Main.storyboard */; };
		04FA8F7A248B8015006C6F1B /* Assets.xcassets in Resources */ = {isa = PBXBuildFile; fileRef = 04FA8F79248B8015006C6F1B /* Assets.xcassets */; };
		04FA8F7D248B8015006C6F1B /* LaunchScreen.storyboard in Resources */ = {isa = PBXBuildFile; fileRef = 04FA8F7B248B8015006C6F1B /* LaunchScreen.storyboard */; };
		04FA8F89248B8393006C6F1B /* FlightSearch-Logo.png in Resources */ = {isa = PBXBuildFile; fileRef = 04FA8F88248B8393006C6F1B /* FlightSearch-Logo.png */; };
		04FA8F8B248B8399006C6F1B /* IconPlane.png in Resources */ = {isa = PBXBuildFile; fileRef = 04FA8F8A248B8399006C6F1B /* IconPlane.png */; };
		04FA8F8D248B86BF006C6F1B /* AirportStations.swift in Sources */ = {isa = PBXBuildFile; fileRef = 04FA8F8C248B86BF006C6F1B /* AirportStations.swift */; };
		04FA8F90248B8AE8006C6F1B /* StationConnections.swift in Sources */ = {isa = PBXBuildFile; fileRef = 04FA8F8F248B8AE8006C6F1B /* StationConnections.swift */; };
		04FA8F94248BE7B6006C6F1B /* SearchAirportListViewController.swift in Sources */ = {isa = PBXBuildFile; fileRef = 04FA8F93248BE7B6006C6F1B /* SearchAirportListViewController.swift */; };
		04FA8F96248C2937006C6F1B /* CalendarViewController.swift in Sources */ = {isa = PBXBuildFile; fileRef = 04FA8F95248C2937006C6F1B /* CalendarViewController.swift */; };
		82B7AECBC93F38DB1EA5D750 /* Pods_FlightSearch.framework in Frameworks */ = {isa = PBXBuildFile; fileRef = D7D0CD00FB35E7606A0FDA78 /* Pods_FlightSearch.framework */; };
/* End PBXBuildFile section */

/* Begin PBXFileReference section */
		04FA8F6D248B8011006C6F1B /* FlightSearch.app */ = {isa = PBXFileReference; explicitFileType = wrapper.application; includeInIndex = 0; path = FlightSearch.app; sourceTree = BUILT_PRODUCTS_DIR; };
		04FA8F70248B8011006C6F1B /* AppDelegate.swift */ = {isa = PBXFileReference; lastKnownFileType = sourcecode.swift; path = AppDelegate.swift; sourceTree = "<group>"; };
		04FA8F72248B8011006C6F1B /* SceneDelegate.swift */ = {isa = PBXFileReference; lastKnownFileType = sourcecode.swift; path = SceneDelegate.swift; sourceTree = "<group>"; };
		04FA8F74248B8011006C6F1B /* HomeViewController.swift */ = {isa = PBXFileReference; lastKnownFileType = sourcecode.swift; path = HomeViewController.swift; sourceTree = "<group>"; };
		04FA8F77248B8011006C6F1B /* Base */ = {isa = PBXFileReference; lastKnownFileType = file.storyboard; name = Base; path = Base.lproj/Main.storyboard; sourceTree = "<group>"; };
		04FA8F79248B8015006C6F1B /* Assets.xcassets */ = {isa = PBXFileReference; lastKnownFileType = folder.assetcatalog; path = Assets.xcassets; sourceTree = "<group>"; };
		04FA8F7C248B8015006C6F1B /* Base */ = {isa = PBXFileReference; lastKnownFileType = file.storyboard; name = Base; path = Base.lproj/LaunchScreen.storyboard; sourceTree = "<group>"; };
		04FA8F7E248B8015006C6F1B /* Info.plist */ = {isa = PBXFileReference; lastKnownFileType = text.plist.xml; path = Info.plist; sourceTree = "<group>"; };
		04FA8F88248B8393006C6F1B /* FlightSearch-Logo.png */ = {isa = PBXFileReference; lastKnownFileType = image.png; path = "FlightSearch-Logo.png"; sourceTree = "<group>"; };
		04FA8F8A248B8399006C6F1B /* IconPlane.png */ = {isa = PBXFileReference; lastKnownFileType = image.png; path = IconPlane.png; sourceTree = "<group>"; };
		04FA8F8C248B86BF006C6F1B /* AirportStations.swift */ = {isa = PBXFileReference; lastKnownFileType = sourcecode.swift; path = AirportStations.swift; sourceTree = "<group>"; };
		04FA8F8F248B8AE8006C6F1B /* StationConnections.swift */ = {isa = PBXFileReference; lastKnownFileType = sourcecode.swift; path = StationConnections.swift; sourceTree = "<group>"; };
		04FA8F93248BE7B6006C6F1B /* SearchAirportListViewController.swift */ = {isa = PBXFileReference; lastKnownFileType = sourcecode.swift; path = SearchAirportListViewController.swift; sourceTree = "<group>"; };
		04FA8F95248C2937006C6F1B /* CalendarViewController.swift */ = {isa = PBXFileReference; lastKnownFileType = sourcecode.swift; path = CalendarViewController.swift; sourceTree = "<group>"; };
		6EB72FB038DDA5B186569465 /* Pods-FlightSearch.release.xcconfig */ = {isa = PBXFileReference; includeInIndex = 1; lastKnownFileType = text.xcconfig; name = "Pods-FlightSearch.release.xcconfig"; path = "Target Support Files/Pods-FlightSearch/Pods-FlightSearch.release.xcconfig"; sourceTree = "<group>"; };
		D3E72044DBFAE857F96EC876 /* Pods-FlightSearch.debug.xcconfig */ = {isa = PBXFileReference; includeInIndex = 1; lastKnownFileType = text.xcconfig; name = "Pods-FlightSearch.debug.xcconfig"; path = "Target Support Files/Pods-FlightSearch/Pods-FlightSearch.debug.xcconfig"; sourceTree = "<group>"; };
		D7D0CD00FB35E7606A0FDA78 /* Pods_FlightSearch.framework */ = {isa = PBXFileReference; explicitFileType = wrapper.framework; includeInIndex = 0; path = Pods_FlightSearch.framework; sourceTree = BUILT_PRODUCTS_DIR; };
/* End PBXFileReference section */

/* Begin PBXFrameworksBuildPhase section */
		04FA8F6A248B8011006C6F1B /* Frameworks */ = {
			isa = PBXFrameworksBuildPhase;
			buildActionMask = 2147483647;
			files = (
				82B7AECBC93F38DB1EA5D750 /* Pods_FlightSearch.framework in Frameworks */,
			);
			runOnlyForDeploymentPostprocessing = 0;
		};
/* End PBXFrameworksBuildPhase section */

/* Begin PBXGroup section */
		04FA8F64248B8011006C6F1B = {
			isa = PBXGroup;
			children = (
				04FA8F6F248B8011006C6F1B /* FlightSearch */,
				04FA8F6E248B8011006C6F1B /* Products */,
				5DC6D64DFBA499AA3C39E7EB /* Pods */,
				2FFDD4C1E1E412EC56C1898C /* Frameworks */,
			);
			sourceTree = "<group>";
		};
		04FA8F6E248B8011006C6F1B /* Products */ = {
			isa = PBXGroup;
			children = (
				04FA8F6D248B8011006C6F1B /* FlightSearch.app */,
			);
			name = Products;
			sourceTree = "<group>";
		};
		04FA8F6F248B8011006C6F1B /* FlightSearch */ = {
			isa = PBXGroup;
			children = (
				04FA8F86248B81B9006C6F1B /* Models */,
				04FA8F85248B81AE006C6F1B /* Views */,
				04FA8F84248B81A2006C6F1B /* Controllers */,
				04FA8F8E248B8AD8006C6F1B /* ConnectionsData */,
				04FA8F87248B81C8006C6F1B /* Resources */,
				04FA8F70248B8011006C6F1B /* AppDelegate.swift */,
				04FA8F72248B8011006C6F1B /* SceneDelegate.swift */,
				04FA8F79248B8015006C6F1B /* Assets.xcassets */,
				04FA8F7E248B8015006C6F1B /* Info.plist */,
			);
			path = FlightSearch;
			sourceTree = "<group>";
		};
		04FA8F84248B81A2006C6F1B /* Controllers */ = {
			isa = PBXGroup;
			children = (
				04FA8F74248B8011006C6F1B /* HomeViewController.swift */,
				04FA8F93248BE7B6006C6F1B /* SearchAirportListViewController.swift */,
				04FA8F95248C2937006C6F1B /* CalendarViewController.swift */,
			);
			path = Controllers;
			sourceTree = "<group>";
		};
		04FA8F85248B81AE006C6F1B /* Views */ = {
			isa = PBXGroup;
			children = (
				04FA8F76248B8011006C6F1B /* Main.storyboard */,
				04FA8F7B248B8015006C6F1B /* LaunchScreen.storyboard */,
			);
			path = Views;
			sourceTree = "<group>";
		};
		04FA8F86248B81B9006C6F1B /* Models */ = {
			isa = PBXGroup;
			children = (
				04FA8F8C248B86BF006C6F1B /* AirportStations.swift */,
			);
			path = Models;
			sourceTree = "<group>";
		};
		04FA8F87248B81C8006C6F1B /* Resources */ = {
			isa = PBXGroup;
			children = (
				04FA8F88248B8393006C6F1B /* FlightSearch-Logo.png */,
				04FA8F8A248B8399006C6F1B /* IconPlane.png */,
			);
			path = Resources;
			sourceTree = "<group>";
		};
		04FA8F8E248B8AD8006C6F1B /* ConnectionsData */ = {
			isa = PBXGroup;
			children = (
				04FA8F8F248B8AE8006C6F1B /* StationConnections.swift */,
			);
			path = ConnectionsData;
			sourceTree = "<group>";
		};
		2FFDD4C1E1E412EC56C1898C /* Frameworks */ = {
			isa = PBXGroup;
			children = (
				D7D0CD00FB35E7606A0FDA78 /* Pods_FlightSearch.framework */,
			);
			name = Frameworks;
			sourceTree = "<group>";
		};
		5DC6D64DFBA499AA3C39E7EB /* Pods */ = {
			isa = PBXGroup;
			children = (
				D3E72044DBFAE857F96EC876 /* Pods-FlightSearch.debug.xcconfig */,
				6EB72FB038DDA5B186569465 /* Pods-FlightSearch.release.xcconfig */,
			);
			path = Pods;
			sourceTree = "<group>";
		};
/* End PBXGroup section */

/* Begin PBXNativeTarget section */
		04FA8F6C248B8011006C6F1B /* FlightSearch */ = {
			isa = PBXNativeTarget;
			buildConfigurationList = 04FA8F81248B8015006C6F1B /* Build configuration list for PBXNativeTarget "FlightSearch" */;
			buildPhases = (
				2A619CAFB1964ABE54736071 /* [CP] Check Pods Manifest.lock */,
				04FA8F69248B8011006C6F1B /* Sources */,
				04FA8F6A248B8011006C6F1B /* Frameworks */,
				04FA8F6B248B8011006C6F1B /* Resources */,
				72CF90A3F0E97B706D0B2E17 /* [CP] Embed Pods Frameworks */,
			);
			buildRules = (
			);
			dependencies = (
			);
			name = FlightSearch;
			productName = FlightSearch;
			productReference = 04FA8F6D248B8011006C6F1B /* FlightSearch.app */;
			productType = "com.apple.product-type.application";
		};
/* End PBXNativeTarget section */

/* Begin PBXProject section */
		04FA8F65248B8011006C6F1B /* Project object */ = {
			isa = PBXProject;
			attributes = {
				LastSwiftUpdateCheck = 1120;
				LastUpgradeCheck = 1120;
				ORGANIZATIONNAME = EduardoJordan.com;
				TargetAttributes = {
					04FA8F6C248B8011006C6F1B = {
						CreatedOnToolsVersion = 11.2.1;
					};
				};
			};
			buildConfigurationList = 04FA8F68248B8011006C6F1B /* Build configuration list for PBXProject "FlightSearch" */;
			compatibilityVersion = "Xcode 9.3";
			developmentRegion = en;
			hasScannedForEncodings = 0;
			knownRegions = (
				en,
				Base,
			);
			mainGroup = 04FA8F64248B8011006C6F1B;
			productRefGroup = 04FA8F6E248B8011006C6F1B /* Products */;
			projectDirPath = "";
			projectRoot = "";
			targets = (
				04FA8F6C248B8011006C6F1B /* FlightSearch */,
			);
		};
/* End PBXProject section */

/* Begin PBXResourcesBuildPhase section */
		04FA8F6B248B8011006C6F1B /* Resources */ = {
			isa = PBXResourcesBuildPhase;
			buildActionMask = 2147483647;
			files = (
				04FA8F8B248B8399006C6F1B /* IconPlane.png in Resources */,
				04FA8F7D248B8015006C6F1B /* LaunchScreen.storyboard in Resources */,
				04FA8F7A248B8015006C6F1B /* Assets.xcassets in Resources */,
				04FA8F89248B8393006C6F1B /* FlightSearch-Logo.png in Resources */,
				04FA8F78248B8011006C6F1B /* Main.storyboard in Resources */,
			);
			runOnlyForDeploymentPostprocessing = 0;
		};
/* End PBXResourcesBuildPhase section */

/* Begin PBXShellScriptBuildPhase section */
		2A619CAFB1964ABE54736071 /* [CP] Check Pods Manifest.lock */ = {
			isa = PBXShellScriptBuildPhase;
			buildActionMask = 2147483647;
			files = (
			);
			inputFileListPaths = (
			);
			inputPaths = (
				"${PODS_PODFILE_DIR_PATH}/Podfile.lock",
				"${PODS_ROOT}/Manifest.lock",
			);
			name = "[CP] Check Pods Manifest.lock";
			outputFileListPaths = (
			);
			outputPaths = (
				"$(DERIVED_FILE_DIR)/Pods-FlightSearch-checkManifestLockResult.txt",
			);
			runOnlyForDeploymentPostprocessing = 0;
			shellPath = /bin/sh;
			shellScript = "diff \"${PODS_PODFILE_DIR_PATH}/Podfile.lock\" \"${PODS_ROOT}/Manifest.lock\" > /dev/null\nif [ $? != 0 ] ; then\n    # print error to STDERR\n    echo \"error: The sandbox is not in sync with the Podfile.lock. Run 'pod install' or update your CocoaPods installation.\" >&2\n    exit 1\nfi\n# This output is used by Xcode 'outputs' to avoid re-running this script phase.\necho \"SUCCESS\" > \"${SCRIPT_OUTPUT_FILE_0}\"\n";
			showEnvVarsInLog = 0;
		};
		72CF90A3F0E97B706D0B2E17 /* [CP] Embed Pods Frameworks */ = {
			isa = PBXShellScriptBuildPhase;
			buildActionMask = 2147483647;
			files = (
			);
			inputFileListPaths = (
				"${PODS_ROOT}/Target Support Files/Pods-FlightSearch/Pods-FlightSearch-frameworks-${CONFIGURATION}-input-files.xcfilelist",
			);
			name = "[CP] Embed Pods Frameworks";
			outputFileListPaths = (
				"${PODS_ROOT}/Target Support Files/Pods-FlightSearch/Pods-FlightSearch-frameworks-${CONFIGURATION}-output-files.xcfilelist",
			);
			runOnlyForDeploymentPostprocessing = 0;
			shellPath = /bin/sh;
			shellScript = "\"${PODS_ROOT}/Target Support Files/Pods-FlightSearch/Pods-FlightSearch-frameworks.sh\"\n";
			showEnvVarsInLog = 0;
		};
/* End PBXShellScriptBuildPhase section */

/* Begin PBXSourcesBuildPhase section */
		04FA8F69248B8011006C6F1B /* Sources */ = {
			isa = PBXSourcesBuildPhase;
			buildActionMask = 2147483647;
			files = (
				04FA8F90248B8AE8006C6F1B /* StationConnections.swift in Sources */,
				04FA8F75248B8011006C6F1B /* HomeViewController.swift in Sources */,
				04FA8F71248B8011006C6F1B /* AppDelegate.swift in Sources */,
				04FA8F8D248B86BF006C6F1B /* AirportStations.swift in Sources */,
				04FA8F73248B8011006C6F1B /* SceneDelegate.swift in Sources */,
				04FA8F96248C2937006C6F1B /* CalendarViewController.swift in Sources */,
				04FA8F94248BE7B6006C6F1B /* SearchAirportListViewController.swift in Sources */,
			);
			runOnlyForDeploymentPostprocessing = 0;
		};
/* End PBXSourcesBuildPhase section */

/* Begin PBXVariantGroup section */
		04FA8F76248B8011006C6F1B /* Main.storyboard */ = {
			isa = PBXVariantGroup;
			children = (
				04FA8F77248B8011006C6F1B /* Base */,
			);
			name = Main.storyboard;
			sourceTree = "<group>";
		};
		04FA8F7B248B8015006C6F1B /* LaunchScreen.storyboard */ = {
			isa = PBXVariantGroup;
			children = (
				04FA8F7C248B8015006C6F1B /* Base */,
			);
			name = LaunchScreen.storyboard;
			sourceTree = "<group>";
		};
/* End PBXVariantGroup section */

/* Begin XCBuildConfiguration section */
		04FA8F7F248B8015006C6F1B /* Debug */ = {
			isa = XCBuildConfiguration;
			buildSettings = {
				ALWAYS_SEARCH_USER_PATHS = NO;
				CLANG_ANALYZER_NONNULL = YES;
				CLANG_ANALYZER_NUMBER_OBJECT_CONVERSION = YES_AGGRESSIVE;
				CLANG_CXX_LANGUAGE_STANDARD = "gnu++14";
				CLANG_CXX_LIBRARY = "libc++";
				CLANG_ENABLE_MODULES = YES;
				CLANG_ENABLE_OBJC_ARC = YES;
				CLANG_ENABLE_OBJC_WEAK = YES;
				CLANG_WARN_BLOCK_CAPTURE_AUTORELEASING = YES;
				CLANG_WARN_BOOL_CONVERSION = YES;
				CLANG_WARN_COMMA = YES;
				CLANG_WARN_CONSTANT_CONVERSION = YES;
				CLANG_WARN_DEPRECATED_OBJC_IMPLEMENTATIONS = YES;
				CLANG_WARN_DIRECT_OBJC_ISA_USAGE = YES_ERROR;
				CLANG_WARN_DOCUMENTATION_COMMENTS = YES;
				CLANG_WARN_EMPTY_BODY = YES;
				CLANG_WARN_ENUM_CONVERSION = YES;
				CLANG_WARN_INFINITE_RECURSION = YES;
				CLANG_WARN_INT_CONVERSION = YES;
				CLANG_WARN_NON_LITERAL_NULL_CONVERSION = YES;
				CLANG_WARN_OBJC_IMPLICIT_RETAIN_SELF = YES;
				CLANG_WARN_OBJC_LITERAL_CONVERSION = YES;
				CLANG_WARN_OBJC_ROOT_CLASS = YES_ERROR;
				CLANG_WARN_RANGE_LOOP_ANALYSIS = YES;
				CLANG_WARN_STRICT_PROTOTYPES = YES;
				CLANG_WARN_SUSPICIOUS_MOVE = YES;
				CLANG_WARN_UNGUARDED_AVAILABILITY = YES_AGGRESSIVE;
				CLANG_WARN_UNREACHABLE_CODE = YES;
				CLANG_WARN__DUPLICATE_METHOD_MATCH = YES;
				COPY_PHASE_STRIP = NO;
				DEBUG_INFORMATION_FORMAT = dwarf;
				ENABLE_STRICT_OBJC_MSGSEND = YES;
				ENABLE_TESTABILITY = YES;
				GCC_C_LANGUAGE_STANDARD = gnu11;
				GCC_DYNAMIC_NO_PIC = NO;
				GCC_NO_COMMON_BLOCKS = YES;
				GCC_OPTIMIZATION_LEVEL = 0;
				GCC_PREPROCESSOR_DEFINITIONS = (
					"DEBUG=1",
					"$(inherited)",
				);
				GCC_WARN_64_TO_32_BIT_CONVERSION = YES;
				GCC_WARN_ABOUT_RETURN_TYPE = YES_ERROR;
				GCC_WARN_UNDECLARED_SELECTOR = YES;
				GCC_WARN_UNINITIALIZED_AUTOS = YES_AGGRESSIVE;
				GCC_WARN_UNUSED_FUNCTION = YES;
				GCC_WARN_UNUSED_VARIABLE = YES;
				IPHONEOS_DEPLOYMENT_TARGET = 13.2;
				MTL_ENABLE_DEBUG_INFO = INCLUDE_SOURCE;
				MTL_FAST_MATH = YES;
				ONLY_ACTIVE_ARCH = YES;
				SDKROOT = iphoneos;
				SWIFT_ACTIVE_COMPILATION_CONDITIONS = DEBUG;
				SWIFT_OPTIMIZATION_LEVEL = "-Onone";
			};
			name = Debug;
		};
		04FA8F80248B8015006C6F1B /* Release */ = {
			isa = XCBuildConfiguration;
			buildSettings = {
				ALWAYS_SEARCH_USER_PATHS = NO;
				CLANG_ANALYZER_NONNULL = YES;
				CLANG_ANALYZER_NUMBER_OBJECT_CONVERSION = YES_AGGRESSIVE;
				CLANG_CXX_LANGUAGE_STANDARD = "gnu++14";
				CLANG_CXX_LIBRARY = "libc++";
				CLANG_ENABLE_MODULES = YES;
				CLANG_ENABLE_OBJC_ARC = YES;
				CLANG_ENABLE_OBJC_WEAK = YES;
				CLANG_WARN_BLOCK_CAPTURE_AUTORELEASING = YES;
				CLANG_WARN_BOOL_CONVERSION = YES;
				CLANG_WARN_COMMA = YES;
				CLANG_WARN_CONSTANT_CONVERSION = YES;
				CLANG_WARN_DEPRECATED_OBJC_IMPLEMENTATIONS = YES;
				CLANG_WARN_DIRECT_OBJC_ISA_USAGE = YES_ERROR;
				CLANG_WARN_DOCUMENTATION_COMMENTS = YES;
				CLANG_WARN_EMPTY_BODY = YES;
				CLANG_WARN_ENUM_CONVERSION = YES;
				CLANG_WARN_INFINITE_RECURSION = YES;
				CLANG_WARN_INT_CONVERSION = YES;
				CLANG_WARN_NON_LITERAL_NULL_CONVERSION = YES;
				CLANG_WARN_OBJC_IMPLICIT_RETAIN_SELF = YES;
				CLANG_WARN_OBJC_LITERAL_CONVERSION = YES;
				CLANG_WARN_OBJC_ROOT_CLASS = YES_ERROR;
				CLANG_WARN_RANGE_LOOP_ANALYSIS = YES;
				CLANG_WARN_STRICT_PROTOTYPES = YES;
				CLANG_WARN_SUSPICIOUS_MOVE = YES;
				CLANG_WARN_UNGUARDED_AVAILABILITY = YES_AGGRESSIVE;
				CLANG_WARN_UNREACHABLE_CODE = YES;
				CLANG_WARN__DUPLICATE_METHOD_MATCH = YES;
				COPY_PHASE_STRIP = NO;
				DEBUG_INFORMATION_FORMAT = "dwarf-with-dsym";
				ENABLE_NS_ASSERTIONS = NO;
				ENABLE_STRICT_OBJC_MSGSEND = YES;
				GCC_C_LANGUAGE_STANDARD = gnu11;
				GCC_NO_COMMON_BLOCKS = YES;
				GCC_WARN_64_TO_32_BIT_CONVERSION = YES;
				GCC_WARN_ABOUT_RETURN_TYPE = YES_ERROR;
				GCC_WARN_UNDECLARED_SELECTOR = YES;
				GCC_WARN_UNINITIALIZED_AUTOS = YES_AGGRESSIVE;
				GCC_WARN_UNUSED_FUNCTION = YES;
				GCC_WARN_UNUSED_VARIABLE = YES;
				IPHONEOS_DEPLOYMENT_TARGET = 13.2;
				MTL_ENABLE_DEBUG_INFO = NO;
				MTL_FAST_MATH = YES;
				SDKROOT = iphoneos;
				SWIFT_COMPILATION_MODE = wholemodule;
				SWIFT_OPTIMIZATION_LEVEL = "-O";
				VALIDATE_PRODUCT = YES;
			};
			name = Release;
		};
		04FA8F82248B8015006C6F1B /* Debug */ = {
			isa = XCBuildConfiguration;
			baseConfigurationReference = D3E72044DBFAE857F96EC876 /* Pods-FlightSearch.debug.xcconfig */;
			buildSettings = {
				ASSETCATALOG_COMPILER_APPICON_NAME = AppIcon;
				CODE_SIGN_STYLE = Automatic;
				DEVELOPMENT_TEAM = QSL65SU6PD;
				INFOPLIST_FILE = FlightSearch/Info.plist;
				LD_RUNPATH_SEARCH_PATHS = (
					"$(inherited)",
					"@executable_path/Frameworks",
				);
				PRODUCT_BUNDLE_IDENTIFIER = EduardoJordan.com.FlightSearch;
				PRODUCT_NAME = "$(TARGET_NAME)";
				SWIFT_VERSION = 5.0;
				TARGETED_DEVICE_FAMILY = "1,2";
			};
			name = Debug;
		};
		04FA8F83248B8015006C6F1B /* Release */ = {
			isa = XCBuildConfiguration;
			baseConfigurationReference = 6EB72FB038DDA5B186569465 /* Pods-FlightSearch.release.xcconfig */;
			buildSettings = {
				ASSETCATALOG_COMPILER_APPICON_NAME = AppIcon;
				CODE_SIGN_STYLE = Automatic;
				DEVELOPMENT_TEAM = QSL65SU6PD;
				INFOPLIST_FILE = FlightSearch/Info.plist;
				LD_RUNPATH_SEARCH_PATHS = (
					"$(inherited)",
					"@executable_path/Frameworks",
				);
				PRODUCT_BUNDLE_IDENTIFIER = EduardoJordan.com.FlightSearch;
				PRODUCT_NAME = "$(TARGET_NAME)";
				SWIFT_VERSION = 5.0;
				TARGETED_DEVICE_FAMILY = "1,2";
			};
			name = Release;
		};
/* End XCBuildConfiguration section */

/* Begin XCConfigurationList section */
		04FA8F68248B8011006C6F1B /* Build configuration list for PBXProject "FlightSearch" */ = {
			isa = XCConfigurationList;
			buildConfigurations = (
				04FA8F7F248B8015006C6F1B /* Debug */,
				04FA8F80248B8015006C6F1B /* Release */,
			);
			defaultConfigurationIsVisible = 0;
			defaultConfigurationName = Release;
		};
		04FA8F81248B8015006C6F1B /* Build configuration list for PBXNativeTarget "FlightSearch" */ = {
			isa = XCConfigurationList;
			buildConfigurations = (
				04FA8F82248B8015006C6F1B /* Debug */,
				04FA8F83248B8015006C6F1B /* Release */,
			);
			defaultConfigurationIsVisible = 0;
			defaultConfigurationName = Release;
		};
/* End XCConfigurationList section */
	};
	rootObject = 04FA8F65248B8011006C6F1B /* Project object */;
}
